<?xml version="1.0" encoding="utf-8"?>
<Project ToolsVersion="4.0" xmlns="http://schemas.microsoft.com/developer/msbuild/2003">
  <ItemGroup>
    <Filter Include="Header Files">
      <UniqueIdentifier>{93995380-89BD-4b04-88EB-625FBE52EBFB}</UniqueIdentifier>
      <Extensions>h;hh;hpp;hxx;h++;hm;inl;inc;ipp;xsd</Extensions>
    </Filter>
    <Filter Include="Resource Files">
      <UniqueIdentifier>{67DA6AB6-F800-4c08-8B7A-83BB121AAD01}</UniqueIdentifier>
      <Extensions>rc;ico;cur;bmp;dlg;rc2;rct;bin;rgs;gif;jpg;jpeg;jpe;resx;tiff;tif;png;wav;mfcribbon-ms</Extensions>
    </Filter>
    <Filter Include="Shaders">
      <UniqueIdentifier>{ea3b01af-7eaa-4d47-b60c-b0aa94ac24aa}</UniqueIdentifier>
    </Filter>
    <Filter Include="App">
      <UniqueIdentifier>{757ce4dd-a758-4d93-8bc8-6120a0a96681}</UniqueIdentifier>
    </Filter>
  </ItemGroup>
  <ItemGroup>
    <None Include="shaderCompile.bat" />
    <None Include="Shaders\vert_shader.vert">
      <Filter>Shaders</Filter>
    </None>
    <None Include="Shaders\vert_shader.vert.spv">
      <Filter>Shaders</Filter>
    </None>
    <None Include="Shaders\frag_shader.frag">
      <Filter>Shaders</Filter>
    </None>
    <None Include="Shaders\frag_shader.frag.spv">
      <Filter>Shaders</Filter>
    </None>
  </ItemGroup>
  <ItemGroup>
    <ClCompile Include="VulkanEngine\main.cpp">
      <Filter>App</Filter>
    </ClCompile>
    <ClCompile Include="VulkanEngine\Core\App.cpp">
      <Filter>App</Filter>
    </ClCompile>
    <ClCompile Include="VulkanEngine\Core\Window.cpp">
      <Filter>App</Filter>
    </ClCompile>
    <ClCompile Include="VulkanEngine\Core\Pipeline.cpp" />
    <ClCompile Include="VulkanEngine\Core\Device.cpp" />
    <ClCompile Include="VulkanEngine\Core\SwapChain.cpp" />
    <ClCompile Include="VulkanEngine\Core\Model.cpp" />
    <ClCompile Include="VulkanEngine\Core\Renderer.cpp" />
    <ClCompile Include="VulkanEngine\Core\RenderSystem.cpp" />
    <ClCompile Include="VulkanEngine\Core\Camera.cpp" />
    <ClCompile Include="VulkanEngine\Core\KeyboardController.cpp" />
    <ClCompile Include="VulkanEngine\Core\GameObject.cpp" />
    <ClCompile Include="VulkanEngine\Core\Buffer.cpp" />
    <ClCompile Include="VulkanEngine\Core\Descriptors.cpp" />
  </ItemGroup>
  <ItemGroup>
    <ClInclude Include="VulkanEngine\Core\App.hpp">
      <Filter>Header Files</Filter>
    </ClInclude>
    <ClInclude Include="VulkanEngine\Core\Window.hpp">
      <Filter>Header Files</Filter>
    </ClInclude>
    <ClInclude Include="VulkanEngine\Core\Pipeline.hpp">
      <Filter>Header Files</Filter>
    </ClInclude>
    <ClInclude Include="VulkanEngine\Core\Device.hpp">
      <Filter>Header Files</Filter>
    </ClInclude>
    <ClInclude Include="VulkanEngine\Core\SwapChain.hpp">
      <Filter>Header Files</Filter>
    </ClInclude>
    <ClInclude Include="VulkanEngine\Core\Model.hpp">
      <Filter>Header Files</Filter>
    </ClInclude>
    <ClInclude Include="VulkanEngine\Core\GameObject.hpp">
      <Filter>Header Files</Filter>
    </ClInclude>
    <ClInclude Include="VulkanEngine\Core\Renderer.hpp">
      <Filter>Header Files</Filter>
    </ClInclude>
    <ClInclude Include="VulkanEngine\Core\RenderSystem.hpp">
      <Filter>Header Files</Filter>
    </ClInclude>
    <ClInclude Include="VulkanEngine\Core\Camera.hpp">
      <Filter>Header Files</Filter>
    </ClInclude>
    <ClInclude Include="VulkanEngine\Core\KeyboardController.hpp">
      <Filter>Header Files</Filter>
    </ClInclude>
    <ClInclude Include="VulkanEngine\Core\Utils.hpp">
      <Filter>Header Files</Filter>
    </ClInclude>
    <ClInclude Include="VulkanEngine\Core\Buffer.hpp">
      <Filter>Header Files</Filter>
    </ClInclude>
    <ClInclude Include="VulkanEngine\Core\FrameInfo.hpp">
      <Filter>Header Files</Filter>
    </ClInclude>
    <ClInclude Include="VulkanEngine\Core\Descriptors.hpp">
      <Filter>Header Files</Filter>
    </ClInclude>
  </ItemGroup>
</Project>